// !$*UTF8*$!
{
	archiveVersion = 1;
	classes = {
	};
	objectVersion = 48;
	objects = {

/* Begin PBXBuildFile section */
		7E1408E21FFF5CA600D7FFA3 /* AppDelegate.m in Sources */ = {isa = PBXBuildFile; fileRef = 7E1408E11FFF5CA600D7FFA3 /* AppDelegate.m */; };
		7E1408E51FFF5CA600D7FFA3 /* ViewController.m in Sources */ = {isa = PBXBuildFile; fileRef = 7E1408E41FFF5CA600D7FFA3 /* ViewController.m */; };
		7E1408E81FFF5CA600D7FFA3 /* Main.storyboard in Resources */ = {isa = PBXBuildFile; fileRef = 7E1408E61FFF5CA600D7FFA3 /* Main.storyboard */; };
		7E1408EA1FFF5CA600D7FFA3 /* Assets.xcassets in Resources */ = {isa = PBXBuildFile; fileRef = 7E1408E91FFF5CA600D7FFA3 /* Assets.xcassets */; };
		7E1408ED1FFF5CA600D7FFA3 /* LaunchScreen.storyboard in Resources */ = {isa = PBXBuildFile; fileRef = 7E1408EB1FFF5CA600D7FFA3 /* LaunchScreen.storyboard */; };
		7E1408F01FFF5CA600D7FFA3 /* main.m in Sources */ = {isa = PBXBuildFile; fileRef = 7E1408EF1FFF5CA600D7FFA3 /* main.m */; };
		7E1408F81FFF5D8500D7FFA3 /* MainViewController.m in Sources */ = {isa = PBXBuildFile; fileRef = 7E1408F71FFF5D8500D7FFA3 /* MainViewController.m */; };
		7E1409011FFF665000D7FFA3 /* AXUpdateViewController.m in Sources */ = {isa = PBXBuildFile; fileRef = 7E1409001FFF665000D7FFA3 /* AXUpdateViewController.m */; };
		7E1409041FFF666600D7FFA3 /* AXSearchViewController.m in Sources */ = {isa = PBXBuildFile; fileRef = 7E1409031FFF666600D7FFA3 /* AXSearchViewController.m */; };
		7E1409071FFF667600D7FFA3 /* AXRankViewController.m in Sources */ = {isa = PBXBuildFile; fileRef = 7E1409061FFF667600D7FFA3 /* AXRankViewController.m */; };
		7E14090A1FFF668400D7FFA3 /* AXKindViewController.m in Sources */ = {isa = PBXBuildFile; fileRef = 7E1409091FFF668400D7FFA3 /* AXKindViewController.m */; };
		7E14090D1FFF669300D7FFA3 /* AXRecommendViewController.m in Sources */ = {isa = PBXBuildFile; fileRef = 7E14090C1FFF669300D7FFA3 /* AXRecommendViewController.m */; };
		7E1409111FFF68AA00D7FFA3 /* UIColor+Theme.m in Sources */ = {isa = PBXBuildFile; fileRef = 7E1409101FFF68AA00D7FFA3 /* UIColor+Theme.m */; };
		7E1409161FFF729100D7FFA3 /* AppTableViewCell.m in Sources */ = {isa = PBXBuildFile; fileRef = 7E1409151FFF729100D7FFA3 /* AppTableViewCell.m */; };
		7EA111D42003567800D05D2F /* BaseViewModel.m in Sources */ = {isa = PBXBuildFile; fileRef = 7EA111D32003567800D05D2F /* BaseViewModel.m */; };
		7EA111D72003568C00D05D2F /* UpdateViewModel.m in Sources */ = {isa = PBXBuildFile; fileRef = 7EA111D62003568C00D05D2F /* UpdateViewModel.m */; };
		7EA111DB200356C700D05D2F /* BaseModel.m in Sources */ = {isa = PBXBuildFile; fileRef = 7EA111DA200356C700D05D2F /* BaseModel.m */; };
		7EA111DE200356EF00D05D2F /* AppModel.m in Sources */ = {isa = PBXBuildFile; fileRef = 7EA111DD200356EF00D05D2F /* AppModel.m */; };
		7EA111E120035E6C00D05D2F /* NSObject+Category.m in Sources */ = {isa = PBXBuildFile; fileRef = 7EA111E020035E6B00D05D2F /* NSObject+Category.m */; };
		7EA111E720036A9D00D05D2F /* NSString+Size.m in Sources */ = {isa = PBXBuildFile; fileRef = 7EA111E620036A9D00D05D2F /* NSString+Size.m */; };
		7EA111EA2003724D00D05D2F /* UITableView+Fit.m in Sources */ = {isa = PBXBuildFile; fileRef = 7EA111E92003724D00D05D2F /* UITableView+Fit.m */; };
		7EA111ED2003730800D05D2F /* PlaceHolderView.m in Sources */ = {isa = PBXBuildFile; fileRef = 7EA111EC2003730800D05D2F /* PlaceHolderView.m */; };
		7EA111FB2005B96300D05D2F /* AppManager.m in Sources */ = {isa = PBXBuildFile; fileRef = 7EA111FA2005B96300D05D2F /* AppManager.m */; };
		7EA111FE2005BE4A00D05D2F /* BaseAppTableViewCell.m in Sources */ = {isa = PBXBuildFile; fileRef = 7EA111FD2005BE4A00D05D2F /* BaseAppTableViewCell.m */; };
		7EA112012005C15D00D05D2F /* LocalAppTableViewCell.m in Sources */ = {isa = PBXBuildFile; fileRef = 7EA112002005C15D00D05D2F /* LocalAppTableViewCell.m */; };
		7EA112042005C3BC00D05D2F /* LocalAppModel.m in Sources */ = {isa = PBXBuildFile; fileRef = 7EA112032005C3BC00D05D2F /* LocalAppModel.m */; };
		7EA112072005D78400D05D2F /* LocalViewModel.m in Sources */ = {isa = PBXBuildFile; fileRef = 7EA112062005D78400D05D2F /* LocalViewModel.m */; };
		7EA1120A2005FED100D05D2F /* BaseViewController.m in Sources */ = {isa = PBXBuildFile; fileRef = 7EA112092005FED100D05D2F /* BaseViewController.m */; };
		7EA1120C2006126E00D05D2F /* MobileCoreServices.framework in Frameworks */ = {isa = PBXBuildFile; fileRef = 7EA1120B2006126200D05D2F /* MobileCoreServices.framework */; };
		ACBC9BCC9C17C511A024CF1B /* libPods-AX Store.a in Frameworks */ = {isa = PBXBuildFile; fileRef = 70C88C9C867B024F152E3CA0 /* libPods-AX Store.a */; };
/* End PBXBuildFile section */

/* Begin PBXFileReference section */
		70C88C9C867B024F152E3CA0 /* libPods-AX Store.a */ = {isa = PBXFileReference; explicitFileType = archive.ar; includeInIndex = 0; path = "libPods-AX Store.a"; sourceTree = BUILT_PRODUCTS_DIR; };
		7E1408DD1FFF5CA600D7FFA3 /* AX Store.app */ = {isa = PBXFileReference; explicitFileType = wrapper.application; includeInIndex = 0; path = "AX Store.app"; sourceTree = BUILT_PRODUCTS_DIR; };
		7E1408E01FFF5CA600D7FFA3 /* AppDelegate.h */ = {isa = PBXFileReference; lastKnownFileType = sourcecode.c.h; path = AppDelegate.h; sourceTree = "<group>"; };
		7E1408E11FFF5CA600D7FFA3 /* AppDelegate.m */ = {isa = PBXFileReference; lastKnownFileType = sourcecode.c.objc; path = AppDelegate.m; sourceTree = "<group>"; };
		7E1408E31FFF5CA600D7FFA3 /* ViewController.h */ = {isa = PBXFileReference; lastKnownFileType = sourcecode.c.h; path = ViewController.h; sourceTree = "<group>"; };
		7E1408E41FFF5CA600D7FFA3 /* ViewController.m */ = {isa = PBXFileReference; lastKnownFileType = sourcecode.c.objc; path = ViewController.m; sourceTree = "<group>"; };
		7E1408E71FFF5CA600D7FFA3 /* Base */ = {isa = PBXFileReference; lastKnownFileType = file.storyboard; name = Base; path = Base.lproj/Main.storyboard; sourceTree = "<group>"; };
		7E1408E91FFF5CA600D7FFA3 /* Assets.xcassets */ = {isa = PBXFileReference; lastKnownFileType = folder.assetcatalog; path = Assets.xcassets; sourceTree = "<group>"; };
		7E1408EC1FFF5CA600D7FFA3 /* Base */ = {isa = PBXFileReference; lastKnownFileType = file.storyboard; name = Base; path = Base.lproj/LaunchScreen.storyboard; sourceTree = "<group>"; };
		7E1408EE1FFF5CA600D7FFA3 /* Info.plist */ = {isa = PBXFileReference; lastKnownFileType = text.plist.xml; path = Info.plist; sourceTree = "<group>"; };
		7E1408EF1FFF5CA600D7FFA3 /* main.m */ = {isa = PBXFileReference; lastKnownFileType = sourcecode.c.objc; path = main.m; sourceTree = "<group>"; };
		7E1408F61FFF5D8500D7FFA3 /* MainViewController.h */ = {isa = PBXFileReference; lastKnownFileType = sourcecode.c.h; path = MainViewController.h; sourceTree = "<group>"; };
		7E1408F71FFF5D8500D7FFA3 /* MainViewController.m */ = {isa = PBXFileReference; lastKnownFileType = sourcecode.c.objc; path = MainViewController.m; sourceTree = "<group>"; };
		7E1408FE1FFF60DA00D7FFA3 /* PrefixHeader.pch */ = {isa = PBXFileReference; lastKnownFileType = sourcecode.c.h; path = PrefixHeader.pch; sourceTree = "<group>"; };
		7E1408FF1FFF665000D7FFA3 /* AXUpdateViewController.h */ = {isa = PBXFileReference; lastKnownFileType = sourcecode.c.h; path = AXUpdateViewController.h; sourceTree = "<group>"; };
		7E1409001FFF665000D7FFA3 /* AXUpdateViewController.m */ = {isa = PBXFileReference; lastKnownFileType = sourcecode.c.objc; path = AXUpdateViewController.m; sourceTree = "<group>"; };
		7E1409021FFF666600D7FFA3 /* AXSearchViewController.h */ = {isa = PBXFileReference; lastKnownFileType = sourcecode.c.h; path = AXSearchViewController.h; sourceTree = "<group>"; };
		7E1409031FFF666600D7FFA3 /* AXSearchViewController.m */ = {isa = PBXFileReference; lastKnownFileType = sourcecode.c.objc; path = AXSearchViewController.m; sourceTree = "<group>"; };
		7E1409051FFF667600D7FFA3 /* AXRankViewController.h */ = {isa = PBXFileReference; lastKnownFileType = sourcecode.c.h; path = AXRankViewController.h; sourceTree = "<group>"; };
		7E1409061FFF667600D7FFA3 /* AXRankViewController.m */ = {isa = PBXFileReference; lastKnownFileType = sourcecode.c.objc; path = AXRankViewController.m; sourceTree = "<group>"; };
		7E1409081FFF668400D7FFA3 /* AXKindViewController.h */ = {isa = PBXFileReference; lastKnownFileType = sourcecode.c.h; path = AXKindViewController.h; sourceTree = "<group>"; };
		7E1409091FFF668400D7FFA3 /* AXKindViewController.m */ = {isa = PBXFileReference; lastKnownFileType = sourcecode.c.objc; path = AXKindViewController.m; sourceTree = "<group>"; };
		7E14090B1FFF669300D7FFA3 /* AXRecommendViewController.h */ = {isa = PBXFileReference; lastKnownFileType = sourcecode.c.h; path = AXRecommendViewController.h; sourceTree = "<group>"; };
		7E14090C1FFF669300D7FFA3 /* AXRecommendViewController.m */ = {isa = PBXFileReference; lastKnownFileType = sourcecode.c.objc; path = AXRecommendViewController.m; sourceTree = "<group>"; };
		7E14090F1FFF68AA00D7FFA3 /* UIColor+Theme.h */ = {isa = PBXFileReference; fileEncoding = 4; lastKnownFileType = sourcecode.c.h; path = "UIColor+Theme.h"; sourceTree = "<group>"; };
		7E1409101FFF68AA00D7FFA3 /* UIColor+Theme.m */ = {isa = PBXFileReference; fileEncoding = 4; lastKnownFileType = sourcecode.c.objc; path = "UIColor+Theme.m"; sourceTree = "<group>"; };
		7E1409141FFF729100D7FFA3 /* AppTableViewCell.h */ = {isa = PBXFileReference; lastKnownFileType = sourcecode.c.h; path = AppTableViewCell.h; sourceTree = "<group>"; };
		7E1409151FFF729100D7FFA3 /* AppTableViewCell.m */ = {isa = PBXFileReference; lastKnownFileType = sourcecode.c.objc; path = AppTableViewCell.m; sourceTree = "<group>"; };
		7EA111D22003567800D05D2F /* BaseViewModel.h */ = {isa = PBXFileReference; lastKnownFileType = sourcecode.c.h; path = BaseViewModel.h; sourceTree = "<group>"; };
		7EA111D32003567800D05D2F /* BaseViewModel.m */ = {isa = PBXFileReference; lastKnownFileType = sourcecode.c.objc; path = BaseViewModel.m; sourceTree = "<group>"; };
		7EA111D52003568C00D05D2F /* UpdateViewModel.h */ = {isa = PBXFileReference; lastKnownFileType = sourcecode.c.h; path = UpdateViewModel.h; sourceTree = "<group>"; };
		7EA111D62003568C00D05D2F /* UpdateViewModel.m */ = {isa = PBXFileReference; lastKnownFileType = sourcecode.c.objc; path = UpdateViewModel.m; sourceTree = "<group>"; };
		7EA111D9200356C700D05D2F /* BaseModel.h */ = {isa = PBXFileReference; lastKnownFileType = sourcecode.c.h; path = BaseModel.h; sourceTree = "<group>"; };
		7EA111DA200356C700D05D2F /* BaseModel.m */ = {isa = PBXFileReference; lastKnownFileType = sourcecode.c.objc; path = BaseModel.m; sourceTree = "<group>"; };
		7EA111DC200356EF00D05D2F /* AppModel.h */ = {isa = PBXFileReference; lastKnownFileType = sourcecode.c.h; path = AppModel.h; sourceTree = "<group>"; };
		7EA111DD200356EF00D05D2F /* AppModel.m */ = {isa = PBXFileReference; lastKnownFileType = sourcecode.c.objc; path = AppModel.m; sourceTree = "<group>"; };
		7EA111DF20035E6B00D05D2F /* NSObject+Category.h */ = {isa = PBXFileReference; fileEncoding = 4; lastKnownFileType = sourcecode.c.h; path = "NSObject+Category.h"; sourceTree = "<group>"; };
		7EA111E020035E6B00D05D2F /* NSObject+Category.m */ = {isa = PBXFileReference; fileEncoding = 4; lastKnownFileType = sourcecode.c.objc; path = "NSObject+Category.m"; sourceTree = "<group>"; };
		7EA111E520036A9D00D05D2F /* NSString+Size.h */ = {isa = PBXFileReference; lastKnownFileType = sourcecode.c.h; path = "NSString+Size.h"; sourceTree = "<group>"; };
		7EA111E620036A9D00D05D2F /* NSString+Size.m */ = {isa = PBXFileReference; lastKnownFileType = sourcecode.c.objc; path = "NSString+Size.m"; sourceTree = "<group>"; };
		7EA111E82003724D00D05D2F /* UITableView+Fit.h */ = {isa = PBXFileReference; fileEncoding = 4; lastKnownFileType = sourcecode.c.h; path = "UITableView+Fit.h"; sourceTree = "<group>"; };
		7EA111E92003724D00D05D2F /* UITableView+Fit.m */ = {isa = PBXFileReference; fileEncoding = 4; lastKnownFileType = sourcecode.c.objc; path = "UITableView+Fit.m"; sourceTree = "<group>"; };
		7EA111EB2003730800D05D2F /* PlaceHolderView.h */ = {isa = PBXFileReference; fileEncoding = 4; lastKnownFileType = sourcecode.c.h; path = PlaceHolderView.h; sourceTree = "<group>"; };
		7EA111EC2003730800D05D2F /* PlaceHolderView.m */ = {isa = PBXFileReference; fileEncoding = 4; lastKnownFileType = sourcecode.c.objc; path = PlaceHolderView.m; sourceTree = "<group>"; };
		7EA111F92005B96300D05D2F /* AppManager.h */ = {isa = PBXFileReference; lastKnownFileType = sourcecode.c.h; path = AppManager.h; sourceTree = "<group>"; };
		7EA111FA2005B96300D05D2F /* AppManager.m */ = {isa = PBXFileReference; lastKnownFileType = sourcecode.c.objc; path = AppManager.m; sourceTree = "<group>"; };
		7EA111FC2005BE4A00D05D2F /* BaseAppTableViewCell.h */ = {isa = PBXFileReference; lastKnownFileType = sourcecode.c.h; path = BaseAppTableViewCell.h; sourceTree = "<group>"; };
		7EA111FD2005BE4A00D05D2F /* BaseAppTableViewCell.m */ = {isa = PBXFileReference; lastKnownFileType = sourcecode.c.objc; path = BaseAppTableViewCell.m; sourceTree = "<group>"; };
		7EA111FF2005C15D00D05D2F /* LocalAppTableViewCell.h */ = {isa = PBXFileReference; lastKnownFileType = sourcecode.c.h; path = LocalAppTableViewCell.h; sourceTree = "<group>"; };
		7EA112002005C15D00D05D2F /* LocalAppTableViewCell.m */ = {isa = PBXFileReference; lastKnownFileType = sourcecode.c.objc; path = LocalAppTableViewCell.m; sourceTree = "<group>"; };
		7EA112022005C3BC00D05D2F /* LocalAppModel.h */ = {isa = PBXFileReference; lastKnownFileType = sourcecode.c.h; path = LocalAppModel.h; sourceTree = "<group>"; };
		7EA112032005C3BC00D05D2F /* LocalAppModel.m */ = {isa = PBXFileReference; lastKnownFileType = sourcecode.c.objc; path = LocalAppModel.m; sourceTree = "<group>"; };
		7EA112052005D78400D05D2F /* LocalViewModel.h */ = {isa = PBXFileReference; lastKnownFileType = sourcecode.c.h; path = LocalViewModel.h; sourceTree = "<group>"; };
		7EA112062005D78400D05D2F /* LocalViewModel.m */ = {isa = PBXFileReference; lastKnownFileType = sourcecode.c.objc; path = LocalViewModel.m; sourceTree = "<group>"; };
		7EA112082005FED100D05D2F /* BaseViewController.h */ = {isa = PBXFileReference; lastKnownFileType = sourcecode.c.h; path = BaseViewController.h; sourceTree = "<group>"; };
		7EA112092005FED100D05D2F /* BaseViewController.m */ = {isa = PBXFileReference; lastKnownFileType = sourcecode.c.objc; path = BaseViewController.m; sourceTree = "<group>"; };
		7EA1120B2006126200D05D2F /* MobileCoreServices.framework */ = {isa = PBXFileReference; lastKnownFileType = wrapper.framework; name = MobileCoreServices.framework; path = System/Library/Frameworks/MobileCoreServices.framework; sourceTree = SDKROOT; };
		DD514A5D30B8443C7D4F57F6 /* Pods-AX Store.release.xcconfig */ = {isa = PBXFileReference; includeInIndex = 1; lastKnownFileType = text.xcconfig; name = "Pods-AX Store.release.xcconfig"; path = "Pods/Target Support Files/Pods-AX Store/Pods-AX Store.release.xcconfig"; sourceTree = "<group>"; };
		F116D8CCA29204CD389A3A1E /* Pods-AX Store.debug.xcconfig */ = {isa = PBXFileReference; includeInIndex = 1; lastKnownFileType = text.xcconfig; name = "Pods-AX Store.debug.xcconfig"; path = "Pods/Target Support Files/Pods-AX Store/Pods-AX Store.debug.xcconfig"; sourceTree = "<group>"; };
/* End PBXFileReference section */

/* Begin PBXFrameworksBuildPhase section */
		7E1408DA1FFF5CA600D7FFA3 /* Frameworks */ = {
			isa = PBXFrameworksBuildPhase;
			buildActionMask = 2147483647;
			files = (
				7EA1120C2006126E00D05D2F /* MobileCoreServices.framework in Frameworks */,
				ACBC9BCC9C17C511A024CF1B /* libPods-AX Store.a in Frameworks */,
			);
			runOnlyForDeploymentPostprocessing = 0;
		};
/* End PBXFrameworksBuildPhase section */

/* Begin PBXGroup section */
		7E1408D41FFF5CA600D7FFA3 = {
			isa = PBXGroup;
			children = (
				7E1408DF1FFF5CA600D7FFA3 /* AX Store */,
				7E1408DE1FFF5CA600D7FFA3 /* Products */,
				A1DBBD97BBB5028762190282 /* Pods */,
				987C18771381BF687E4E3B38 /* Frameworks */,
			);
			sourceTree = "<group>";
		};
		7E1408DE1FFF5CA600D7FFA3 /* Products */ = {
			isa = PBXGroup;
			children = (
				7E1408DD1FFF5CA600D7FFA3 /* AX Store.app */,
			);
			name = Products;
			sourceTree = "<group>";
		};
		7E1408DF1FFF5CA600D7FFA3 /* AX Store */ = {
			isa = PBXGroup;
			children = (
				7E1408E01FFF5CA600D7FFA3 /* AppDelegate.h */,
				7E1408E11FFF5CA600D7FFA3 /* AppDelegate.m */,
				7E1408E31FFF5CA600D7FFA3 /* ViewController.h */,
				7E1408E41FFF5CA600D7FFA3 /* ViewController.m */,
				7E1408F61FFF5D8500D7FFA3 /* MainViewController.h */,
				7E1408F71FFF5D8500D7FFA3 /* MainViewController.m */,
				7EA111D12003552500D05D2F /* Base */,
				7E14090E1FFF685B00D7FFA3 /* Category */,
				7E1408F91FFF5DF500D7FFA3 /* Recommendation精品推荐 */,
				7E1408FA1FFF5E5A00D7FFA3 /* Kind类别 */,
				7E1408FB1FFF5E9D00D7FFA3 /* Rank排行榜 */,
				7E1408FC1FFF5EAC00D7FFA3 /* Search搜索 */,
				7E1408FD1FFF5EC800D7FFA3 /* Update更新 */,
				7E1408E61FFF5CA600D7FFA3 /* Main.storyboard */,
				7E1408E91FFF5CA600D7FFA3 /* Assets.xcassets */,
				7E1408EB1FFF5CA600D7FFA3 /* LaunchScreen.storyboard */,
				7E1408EE1FFF5CA600D7FFA3 /* Info.plist */,
				7E1408EF1FFF5CA600D7FFA3 /* main.m */,
				7E1408FE1FFF60DA00D7FFA3 /* PrefixHeader.pch */,
			);
			path = "AX Store";
			sourceTree = "<group>";
		};
		7E1408F91FFF5DF500D7FFA3 /* Recommendation精品推荐 */ = {
			isa = PBXGroup;
			children = (
				7E14090B1FFF669300D7FFA3 /* AXRecommendViewController.h */,
				7E14090C1FFF669300D7FFA3 /* AXRecommendViewController.m */,
			);
			path = "Recommendation精品推荐";
			sourceTree = "<group>";
		};
		7E1408FA1FFF5E5A00D7FFA3 /* Kind类别 */ = {
			isa = PBXGroup;
			children = (
				7E1409081FFF668400D7FFA3 /* AXKindViewController.h */,
				7E1409091FFF668400D7FFA3 /* AXKindViewController.m */,
			);
			path = "Kind类别";
			sourceTree = "<group>";
		};
		7E1408FB1FFF5E9D00D7FFA3 /* Rank排行榜 */ = {
			isa = PBXGroup;
			children = (
				7E1409051FFF667600D7FFA3 /* AXRankViewController.h */,
				7E1409061FFF667600D7FFA3 /* AXRankViewController.m */,
				7EA111F82005B92B00D05D2F /* Model */,
				7EA111F72005B91700D05D2F /* ViewModel */,
				7EA111F62005B90600D05D2F /* View */,
			);
			path = "Rank排行榜";
			sourceTree = "<group>";
		};
		7E1408FC1FFF5EAC00D7FFA3 /* Search搜索 */ = {
			isa = PBXGroup;
			children = (
				7E1409021FFF666600D7FFA3 /* AXSearchViewController.h */,
				7E1409031FFF666600D7FFA3 /* AXSearchViewController.m */,
			);
			path = "Search搜索";
			sourceTree = "<group>";
		};
		7E1408FD1FFF5EC800D7FFA3 /* Update更新 */ = {
			isa = PBXGroup;
			children = (
				7E1408FF1FFF665000D7FFA3 /* AXUpdateViewController.h */,
				7E1409001FFF665000D7FFA3 /* AXUpdateViewController.m */,
				7EA111D8200356AF00D05D2F /* Model */,
				7E1409131FFF723900D7FFA3 /* ViewModel */,
				7E1409121FFF722900D7FFA3 /* View */,
			);
			path = "Update更新";
			sourceTree = "<group>";
		};
		7E14090E1FFF685B00D7FFA3 /* Category */ = {
			isa = PBXGroup;
			children = (
				7E14090F1FFF68AA00D7FFA3 /* UIColor+Theme.h */,
				7E1409101FFF68AA00D7FFA3 /* UIColor+Theme.m */,
				7EA111DF20035E6B00D05D2F /* NSObject+Category.h */,
				7EA111E020035E6B00D05D2F /* NSObject+Category.m */,
				7EA111E520036A9D00D05D2F /* NSString+Size.h */,
				7EA111E620036A9D00D05D2F /* NSString+Size.m */,
				7EA111E82003724D00D05D2F /* UITableView+Fit.h */,
				7EA111E92003724D00D05D2F /* UITableView+Fit.m */,
				7EA111EB2003730800D05D2F /* PlaceHolderView.h */,
				7EA111EC2003730800D05D2F /* PlaceHolderView.m */,
			);
			path = Category;
			sourceTree = "<group>";
		};
		7E1409121FFF722900D7FFA3 /* View */ = {
			isa = PBXGroup;
			children = (
				7E1409141FFF729100D7FFA3 /* AppTableViewCell.h */,
				7E1409151FFF729100D7FFA3 /* AppTableViewCell.m */,
				7EA111FC2005BE4A00D05D2F /* BaseAppTableViewCell.h */,
				7EA111FD2005BE4A00D05D2F /* BaseAppTableViewCell.m */,
			);
			path = View;
			sourceTree = "<group>";
		};
		7E1409131FFF723900D7FFA3 /* ViewModel */ = {
			isa = PBXGroup;
			children = (
				7EA111D52003568C00D05D2F /* UpdateViewModel.h */,
				7EA111D62003568C00D05D2F /* UpdateViewModel.m */,
			);
			path = ViewModel;
			sourceTree = "<group>";
		};
		7EA111D12003552500D05D2F /* Base */ = {
			isa = PBXGroup;
			children = (
				7EA111D22003567800D05D2F /* BaseViewModel.h */,
				7EA111D32003567800D05D2F /* BaseViewModel.m */,
				7EA111D9200356C700D05D2F /* BaseModel.h */,
				7EA111DA200356C700D05D2F /* BaseModel.m */,
				7EA112082005FED100D05D2F /* BaseViewController.h */,
				7EA112092005FED100D05D2F /* BaseViewController.m */,
			);
			path = Base;
			sourceTree = "<group>";
		};
		7EA111D8200356AF00D05D2F /* Model */ = {
			isa = PBXGroup;
			children = (
				7EA111DC200356EF00D05D2F /* AppModel.h */,
				7EA111DD200356EF00D05D2F /* AppModel.m */,
			);
			path = Model;
			sourceTree = "<group>";
		};
		7EA111F62005B90600D05D2F /* View */ = {
			isa = PBXGroup;
			children = (
				7EA111FF2005C15D00D05D2F /* LocalAppTableViewCell.h */,
				7EA112002005C15D00D05D2F /* LocalAppTableViewCell.m */,
			);
			path = View;
			sourceTree = "<group>";
		};
		7EA111F72005B91700D05D2F /* ViewModel */ = {
			isa = PBXGroup;
			children = (
				7EA112052005D78400D05D2F /* LocalViewModel.h */,
				7EA112062005D78400D05D2F /* LocalViewModel.m */,
			);
			path = ViewModel;
			sourceTree = "<group>";
		};
		7EA111F82005B92B00D05D2F /* Model */ = {
			isa = PBXGroup;
			children = (
				7EA111F92005B96300D05D2F /* AppManager.h */,
				7EA111FA2005B96300D05D2F /* AppManager.m */,
				7EA112022005C3BC00D05D2F /* LocalAppModel.h */,
				7EA112032005C3BC00D05D2F /* LocalAppModel.m */,
			);
			path = Model;
			sourceTree = "<group>";
		};
		987C18771381BF687E4E3B38 /* Frameworks */ = {
			isa = PBXGroup;
			children = (
				7EA1120B2006126200D05D2F /* MobileCoreServices.framework */,
				70C88C9C867B024F152E3CA0 /* libPods-AX Store.a */,
			);
			name = Frameworks;
			sourceTree = "<group>";
		};
		A1DBBD97BBB5028762190282 /* Pods */ = {
			isa = PBXGroup;
			children = (
				F116D8CCA29204CD389A3A1E /* Pods-AX Store.debug.xcconfig */,
				DD514A5D30B8443C7D4F57F6 /* Pods-AX Store.release.xcconfig */,
			);
			name = Pods;
			sourceTree = "<group>";
		};
/* End PBXGroup section */

/* Begin PBXNativeTarget section */
		7E1408DC1FFF5CA600D7FFA3 /* AX Store */ = {
			isa = PBXNativeTarget;
			buildConfigurationList = 7E1408F31FFF5CA600D7FFA3 /* Build configuration list for PBXNativeTarget "AX Store" */;
			buildPhases = (
				02827246CACDA152D8D34B09 /* [CP] Check Pods Manifest.lock */,
				7E1408D91FFF5CA600D7FFA3 /* Sources */,
				7E1408DA1FFF5CA600D7FFA3 /* Frameworks */,
				7E1408DB1FFF5CA600D7FFA3 /* Resources */,
				AC497E1FDB3A4574F4C678C9 /* [CP] Embed Pods Frameworks */,
				6F7DABD85242F4101200BFA9 /* [CP] Copy Pods Resources */,
			);
			buildRules = (
			);
			dependencies = (
			);
			name = "AX Store";
			productName = "AX Store";
			productReference = 7E1408DD1FFF5CA600D7FFA3 /* AX Store.app */;
			productType = "com.apple.product-type.application";
		};
/* End PBXNativeTarget section */

/* Begin PBXProject section */
		7E1408D51FFF5CA600D7FFA3 /* Project object */ = {
			isa = PBXProject;
			attributes = {
				LastUpgradeCheck = 0910;
				ORGANIZATIONNAME = anxindeli;
				TargetAttributes = {
					7E1408DC1FFF5CA600D7FFA3 = {
						CreatedOnToolsVersion = 9.1;
						ProvisioningStyle = Automatic;
					};
				};
			};
			buildConfigurationList = 7E1408D81FFF5CA600D7FFA3 /* Build configuration list for PBXProject "AX Store" */;
			compatibilityVersion = "Xcode 8.0";
			developmentRegion = en;
			hasScannedForEncodings = 0;
			knownRegions = (
				en,
				Base,
			);
			mainGroup = 7E1408D41FFF5CA600D7FFA3;
			productRefGroup = 7E1408DE1FFF5CA600D7FFA3 /* Products */;
			projectDirPath = "";
			projectRoot = "";
			targets = (
				7E1408DC1FFF5CA600D7FFA3 /* AX Store */,
			);
		};
/* End PBXProject section */

/* Begin PBXResourcesBuildPhase section */
		7E1408DB1FFF5CA600D7FFA3 /* Resources */ = {
			isa = PBXResourcesBuildPhase;
			buildActionMask = 2147483647;
			files = (
				7E1408ED1FFF5CA600D7FFA3 /* LaunchScreen.storyboard in Resources */,
				7E1408EA1FFF5CA600D7FFA3 /* Assets.xcassets in Resources */,
				7E1408E81FFF5CA600D7FFA3 /* Main.storyboard in Resources */,
			);
			runOnlyForDeploymentPostprocessing = 0;
		};
/* End PBXResourcesBuildPhase section */

/* Begin PBXShellScriptBuildPhase section */
		02827246CACDA152D8D34B09 /* [CP] Check Pods Manifest.lock */ = {
			isa = PBXShellScriptBuildPhase;
			buildActionMask = 2147483647;
			files = (
			);
			inputPaths = (
				"${PODS_PODFILE_DIR_PATH}/Podfile.lock",
				"${PODS_ROOT}/Manifest.lock",
			);
			name = "[CP] Check Pods Manifest.lock";
			outputPaths = (
				"$(DERIVED_FILE_DIR)/Pods-AX Store-checkManifestLockResult.txt",
			);
			runOnlyForDeploymentPostprocessing = 0;
			shellPath = /bin/sh;
			shellScript = "diff \"${PODS_PODFILE_DIR_PATH}/Podfile.lock\" \"${PODS_ROOT}/Manifest.lock\" > /dev/null\nif [ $? != 0 ] ; then\n    # print error to STDERR\n    echo \"error: The sandbox is not in sync with the Podfile.lock. Run 'pod install' or update your CocoaPods installation.\" >&2\n    exit 1\nfi\n# This output is used by Xcode 'outputs' to avoid re-running this script phase.\necho \"SUCCESS\" > \"${SCRIPT_OUTPUT_FILE_0}\"\n";
			showEnvVarsInLog = 0;
		};
		6F7DABD85242F4101200BFA9 /* [CP] Copy Pods Resources */ = {
			isa = PBXShellScriptBuildPhase;
			buildActionMask = 2147483647;
			files = (
			);
			inputPaths = (
				"${SRCROOT}/Pods/Target Support Files/Pods-AX Store/Pods-AX Store-resources.sh",
				"${PODS_ROOT}/MJRefresh/MJRefresh/MJRefresh.bundle",
			);
			name = "[CP] Copy Pods Resources";
			outputPaths = (
				"${TARGET_BUILD_DIR}/${UNLOCALIZED_RESOURCES_FOLDER_PATH}",
			);
			runOnlyForDeploymentPostprocessing = 0;
			shellPath = /bin/sh;
			shellScript = "\"${SRCROOT}/Pods/Target Support Files/Pods-AX Store/Pods-AX Store-resources.sh\"\n";
			showEnvVarsInLog = 0;
		};
		AC497E1FDB3A4574F4C678C9 /* [CP] Embed Pods Frameworks */ = {
			isa = PBXShellScriptBuildPhase;
			buildActionMask = 2147483647;
			files = (
			);
			inputPaths = (
			);
			name = "[CP] Embed Pods Frameworks";
			outputPaths = (
			);
			runOnlyForDeploymentPostprocessing = 0;
			shellPath = /bin/sh;
			shellScript = "\"${SRCROOT}/Pods/Target Support Files/Pods-AX Store/Pods-AX Store-frameworks.sh\"\n";
			showEnvVarsInLog = 0;
		};
/* End PBXShellScriptBuildPhase section */

/* Begin PBXSourcesBuildPhase section */
		7E1408D91FFF5CA600D7FFA3 /* Sources */ = {
			isa = PBXSourcesBuildPhase;
			buildActionMask = 2147483647;
			files = (
				7E1409011FFF665000D7FFA3 /* AXUpdateViewController.m in Sources */,
				7EA111D42003567800D05D2F /* BaseViewModel.m in Sources */,
				7EA112072005D78400D05D2F /* LocalViewModel.m in Sources */,
				7E1409111FFF68AA00D7FFA3 /* UIColor+Theme.m in Sources */,
				7E14090D1FFF669300D7FFA3 /* AXRecommendViewController.m in Sources */,
				7EA111D72003568C00D05D2F /* UpdateViewModel.m in Sources */,
				7E1409161FFF729100D7FFA3 /* AppTableViewCell.m in Sources */,
				7E1408E51FFF5CA600D7FFA3 /* ViewController.m in Sources */,
				7EA111DE200356EF00D05D2F /* AppModel.m in Sources */,
				7E1408F01FFF5CA600D7FFA3 /* main.m in Sources */,
				7EA112012005C15D00D05D2F /* LocalAppTableViewCell.m in Sources */,
				7EA1120A2005FED100D05D2F /* BaseViewController.m in Sources */,
				7E1408E21FFF5CA600D7FFA3 /* AppDelegate.m in Sources */,
				7EA111E720036A9D00D05D2F /* NSString+Size.m in Sources */,
				7E1409071FFF667600D7FFA3 /* AXRankViewController.m in Sources */,
				7EA111DB200356C700D05D2F /* BaseModel.m in Sources */,
				7E1408F81FFF5D8500D7FFA3 /* MainViewController.m in Sources */,
				7E1409041FFF666600D7FFA3 /* AXSearchViewController.m in Sources */,
				7EA111FE2005BE4A00D05D2F /* BaseAppTableViewCell.m in Sources */,
				7EA111ED2003730800D05D2F /* PlaceHolderView.m in Sources */,
				7E14090A1FFF668400D7FFA3 /* AXKindViewController.m in Sources */,
				7EA111E120035E6C00D05D2F /* NSObject+Category.m in Sources */,
				7EA111EA2003724D00D05D2F /* UITableView+Fit.m in Sources */,
				7EA112042005C3BC00D05D2F /* LocalAppModel.m in Sources */,
				7EA111FB2005B96300D05D2F /* AppManager.m in Sources */,
			);
			runOnlyForDeploymentPostprocessing = 0;
		};
/* End PBXSourcesBuildPhase section */

/* Begin PBXVariantGroup section */
		7E1408E61FFF5CA600D7FFA3 /* Main.storyboard */ = {
			isa = PBXVariantGroup;
			children = (
				7E1408E71FFF5CA600D7FFA3 /* Base */,
			);
			name = Main.storyboard;
			sourceTree = "<group>";
		};
		7E1408EB1FFF5CA600D7FFA3 /* LaunchScreen.storyboard */ = {
			isa = PBXVariantGroup;
			children = (
				7E1408EC1FFF5CA600D7FFA3 /* Base */,
			);
			name = LaunchScreen.storyboard;
			sourceTree = "<group>";
		};
/* End PBXVariantGroup section */

/* Begin XCBuildConfiguration section */
		7E1408F11FFF5CA600D7FFA3 /* Debug */ = {
			isa = XCBuildConfiguration;
			buildSettings = {
				ALWAYS_SEARCH_USER_PATHS = NO;
				CLANG_ANALYZER_NONNULL = YES;
				CLANG_ANALYZER_NUMBER_OBJECT_CONVERSION = YES_AGGRESSIVE;
				CLANG_CXX_LANGUAGE_STANDARD = "gnu++14";
				CLANG_CXX_LIBRARY = "libc++";
				CLANG_ENABLE_MODULES = YES;
				CLANG_ENABLE_OBJC_ARC = YES;
				CLANG_WARN_BLOCK_CAPTURE_AUTORELEASING = YES;
				CLANG_WARN_BOOL_CONVERSION = YES;
				CLANG_WARN_COMMA = YES;
				CLANG_WARN_CONSTANT_CONVERSION = YES;
				CLANG_WARN_DIRECT_OBJC_ISA_USAGE = YES_ERROR;
				CLANG_WARN_DOCUMENTATION_COMMENTS = YES;
				CLANG_WARN_EMPTY_BODY = YES;
				CLANG_WARN_ENUM_CONVERSION = YES;
				CLANG_WARN_INFINITE_RECURSION = YES;
				CLANG_WARN_INT_CONVERSION = YES;
				CLANG_WARN_NON_LITERAL_NULL_CONVERSION = YES;
				CLANG_WARN_OBJC_LITERAL_CONVERSION = YES;
				CLANG_WARN_OBJC_ROOT_CLASS = YES_ERROR;
				CLANG_WARN_RANGE_LOOP_ANALYSIS = YES;
				CLANG_WARN_STRICT_PROTOTYPES = YES;
				CLANG_WARN_SUSPICIOUS_MOVE = YES;
				CLANG_WARN_UNGUARDED_AVAILABILITY = YES_AGGRESSIVE;
				CLANG_WARN_UNREACHABLE_CODE = YES;
				CLANG_WARN__DUPLICATE_METHOD_MATCH = YES;
				CODE_SIGN_IDENTITY = "iPhone Developer";
				COPY_PHASE_STRIP = NO;
				DEBUG_INFORMATION_FORMAT = dwarf;
				ENABLE_STRICT_OBJC_MSGSEND = YES;
				ENABLE_TESTABILITY = YES;
				GCC_C_LANGUAGE_STANDARD = gnu11;
				GCC_DYNAMIC_NO_PIC = NO;
				GCC_NO_COMMON_BLOCKS = YES;
				GCC_OPTIMIZATION_LEVEL = 0;
				GCC_PREPROCESSOR_DEFINITIONS = (
					"DEBUG=1",
					"$(inherited)",
				);
				GCC_WARN_64_TO_32_BIT_CONVERSION = YES;
				GCC_WARN_ABOUT_RETURN_TYPE = YES_ERROR;
				GCC_WARN_UNDECLARED_SELECTOR = YES;
				GCC_WARN_UNINITIALIZED_AUTOS = YES_AGGRESSIVE;
				GCC_WARN_UNUSED_FUNCTION = YES;
				GCC_WARN_UNUSED_VARIABLE = YES;
				IPHONEOS_DEPLOYMENT_TARGET = 9.0;
				MTL_ENABLE_DEBUG_INFO = YES;
				ONLY_ACTIVE_ARCH = YES;
				SDKROOT = iphoneos;
			};
			name = Debug;
		};
		7E1408F21FFF5CA600D7FFA3 /* Release */ = {
			isa = XCBuildConfiguration;
			buildSettings = {
				ALWAYS_SEARCH_USER_PATHS = NO;
				CLANG_ANALYZER_NONNULL = YES;
				CLANG_ANALYZER_NUMBER_OBJECT_CONVERSION = YES_AGGRESSIVE;
				CLANG_CXX_LANGUAGE_STANDARD = "gnu++14";
				CLANG_CXX_LIBRARY = "libc++";
				CLANG_ENABLE_MODULES = YES;
				CLANG_ENABLE_OBJC_ARC = YES;
				CLANG_WARN_BLOCK_CAPTURE_AUTORELEASING = YES;
				CLANG_WARN_BOOL_CONVERSION = YES;
				CLANG_WARN_COMMA = YES;
				CLANG_WARN_CONSTANT_CONVERSION = YES;
				CLANG_WARN_DIRECT_OBJC_ISA_USAGE = YES_ERROR;
				CLANG_WARN_DOCUMENTATION_COMMENTS = YES;
				CLANG_WARN_EMPTY_BODY = YES;
				CLANG_WARN_ENUM_CONVERSION = YES;
				CLANG_WARN_INFINITE_RECURSION = YES;
				CLANG_WARN_INT_CONVERSION = YES;
				CLANG_WARN_NON_LITERAL_NULL_CONVERSION = YES;
				CLANG_WARN_OBJC_LITERAL_CONVERSION = YES;
				CLANG_WARN_OBJC_ROOT_CLASS = YES_ERROR;
				CLANG_WARN_RANGE_LOOP_ANALYSIS = YES;
				CLANG_WARN_STRICT_PROTOTYPES = YES;
				CLANG_WARN_SUSPICIOUS_MOVE = YES;
				CLANG_WARN_UNGUARDED_AVAILABILITY = YES_AGGRESSIVE;
				CLANG_WARN_UNREACHABLE_CODE = YES;
				CLANG_WARN__DUPLICATE_METHOD_MATCH = YES;
				CODE_SIGN_IDENTITY = "iPhone Developer";
				COPY_PHASE_STRIP = NO;
				DEBUG_INFORMATION_FORMAT = "dwarf-with-dsym";
				ENABLE_NS_ASSERTIONS = NO;
				ENABLE_STRICT_OBJC_MSGSEND = YES;
				GCC_C_LANGUAGE_STANDARD = gnu11;
				GCC_NO_COMMON_BLOCKS = YES;
				GCC_WARN_64_TO_32_BIT_CONVERSION = YES;
				GCC_WARN_ABOUT_RETURN_TYPE = YES_ERROR;
				GCC_WARN_UNDECLARED_SELECTOR = YES;
				GCC_WARN_UNINITIALIZED_AUTOS = YES_AGGRESSIVE;
				GCC_WARN_UNUSED_FUNCTION = YES;
				GCC_WARN_UNUSED_VARIABLE = YES;
				IPHONEOS_DEPLOYMENT_TARGET = 9.0;
				MTL_ENABLE_DEBUG_INFO = NO;
				SDKROOT = iphoneos;
				VALIDATE_PRODUCT = YES;
			};
			name = Release;
		};
		7E1408F41FFF5CA600D7FFA3 /* Debug */ = {
			isa = XCBuildConfiguration;
			baseConfigurationReference = F116D8CCA29204CD389A3A1E /* Pods-AX Store.debug.xcconfig */;
			buildSettings = {
				ASSETCATALOG_COMPILER_APPICON_NAME = AppIcon;
				CODE_SIGN_STYLE = Automatic;
				DEVELOPMENT_TEAM = 69L3T9R8VR;
				GCC_PREFIX_HEADER = "$(SRCROOT)/AX Store/PrefixHeader.pch";
				INFOPLIST_FILE = "AX Store/Info.plist";
				IPHONEOS_DEPLOYMENT_TARGET = 9.0;
				LD_RUNPATH_SEARCH_PATHS = "$(inherited) @executable_path/Frameworks";
				PRODUCT_BUNDLE_IDENTIFIER = "anxindeli.AX-Store";
				PRODUCT_NAME = "$(TARGET_NAME)";
				TARGETED_DEVICE_FAMILY = 1;
			};
			name = Debug;
		};
		7E1408F51FFF5CA600D7FFA3 /* Release */ = {
			isa = XCBuildConfiguration;
			baseConfigurationReference = DD514A5D30B8443C7D4F57F6 /* Pods-AX Store.release.xcconfig */;
			buildSettings = {
				ASSETCATALOG_COMPILER_APPICON_NAME = AppIcon;
				CODE_SIGN_STYLE = Automatic;
				DEVELOPMENT_TEAM = 69L3T9R8VR;
				GCC_PREFIX_HEADER = "$(SRCROOT)/AX Store/PrefixHeader.pch";
				INFOPLIST_FILE = "AX Store/Info.plist";
				IPHONEOS_DEPLOYMENT_TARGET = 9.0;
				LD_RUNPATH_SEARCH_PATHS = "$(inherited) @executable_path/Frameworks";
				PRODUCT_BUNDLE_IDENTIFIER = "anxindeli.AX-Store";
				PRODUCT_NAME = "$(TARGET_NAME)";
				TARGETED_DEVICE_FAMILY = 1;
			};
			name = Release;
		};
/* End XCBuildConfiguration section */

/* Begin XCConfigurationList section */
		7E1408D81FFF5CA600D7FFA3 /* Build configuration list for PBXProject "AX Store" */ = {
			isa = XCConfigurationList;
			buildConfigurations = (
				7E1408F11FFF5CA600D7FFA3 /* Debug */,
				7E1408F21FFF5CA600D7FFA3 /* Release */,
			);
			defaultConfigurationIsVisible = 0;
			defaultConfigurationName = Release;
		};
		7E1408F31FFF5CA600D7FFA3 /* Build configuration list for PBXNativeTarget "AX Store" */ = {
			isa = XCConfigurationList;
			buildConfigurations = (
				7E1408F41FFF5CA600D7FFA3 /* Debug */,
				7E1408F51FFF5CA600D7FFA3 /* Release */,
			);
			defaultConfigurationIsVisible = 0;
			defaultConfigurationName = Release;
		};
/* End XCConfigurationList section */
	};
	rootObject = 7E1408D51FFF5CA600D7FFA3 /* Project object */;
}
